{
  "name": "testplugin",
  "version": "1.0.0",
  "lockfileVersion": 3,
  "requires": true,
  "packages": {
    "": {
      "name": "testplugin",
      "version": "1.0.0",
      "dependencies": {
        "typescript": "^5.7.2"
      },
      "devDependencies": {
        "@figma/plugin-typings": "^1.102.0"
      }
    },
    "node_modules/@figma/plugin-typings": {
      "version": "1.102.0",
      "resolved": "https://registry.npmjs.org/@figma/plugin-typings/-/plugin-typings-1.102.0.tgz",
      "integrity": "sha512-nSUOgRRrWy4fs3rJHKUkz5PjsphG9mavYyQpUpwaw8dUF56lEuJJhfrEAnIfpxnzzlbhKWaB1///L9GYP1qnAw==",
      "dev": true,
      "license": "MIT License"
    },
    "node_modules/typescript": {
      "version": "5.7.2",
      "resolved": "https://registry.npmjs.org/typescript/-/typescript-5.7.2.tgz",
      "integrity": "sha512-i5t66RHxDvVN40HfDd1PsEThGNnlMCMT3jMUuoh9/0TaqWevNontacunWyN02LA9/fIbEWlcHZcgTKb9QoaLfg==",
      "license": "Apache-2.0",
      "bin": {
        "tsc": "bin/tsc",
        "tsserver": "bin/tsserver"
      },
      "engines": {
        "node": ">=14.17"
      }
    }
  }
}
